{
  "version": 4,
  "terraform_version": "1.6.1",
  "serial": 119,
  "lineage": "f02b12f1-a861-1873-84d1-8c19ab40e65b",
  "outputs": {
    "ssh_access_aws_eu": {
      "value": [
        "WebServerProdEu1 - 10.2.11.100 =\u003e ssh -i '~/prosimo-lab/assets/terraform/EU_WEST_WebProd1.pem' ec2-user@13.42.67.228",
        "WebServerProdEu2 - 10.3.12.100 =\u003e ssh -i '~/prosimo-lab/assets/terraform/EU_WEST_WebProd2.pem' ec2-user@35.178.78.38",
        "WebServerProdEu3 - 10.11.11.100 =\u003e ssh -i '~/prosimo-lab/assets/terraform/EU_WEST_WebProd3.pem' ec2-user@13.41.116.51"
      ],
      "type": [
        "tuple",
        [
          "string",
          "string",
          "string"
        ]
      ]
    }
  },
  "resources": [
    {
      "mode": "managed",
      "type": "aws_ec2_transit_gateway",
      "name": "dev",
      "provider": "provider[\"registry.terraform.io/hashicorp/aws\"].eu-aws",
      "instances": [
        {
          "schema_version": 0,
          "attributes": {
            "amazon_side_asn": 64512,
            "arn": "arn:aws:ec2:eu-west-2:688664532084:transit-gateway/tgw-0d952710241b7dfc3",
            "association_default_route_table_id": "tgw-rtb-063ea4c60b760e952",
            "auto_accept_shared_attachments": "disable",
            "default_route_table_association": "enable",
            "default_route_table_propagation": "enable",
            "description": "EU-TGW",
            "dns_support": "enable",
            "id": "tgw-0d952710241b7dfc3",
            "multicast_support": "disable",
            "owner_id": "688664532084",
            "propagation_default_route_table_id": "tgw-rtb-063ea4c60b760e952",
            "tags": {
              "Name": "EU-TGW"
            },
            "tags_all": {
              "Name": "EU-TGW"
            },
            "timeouts": null,
            "transit_gateway_cidr_blocks": [],
            "vpn_ecmp_support": "enable"
          },
          "sensitive_attributes": [],
          "private": "eyJlMmJmYjczMC1lY2FhLTExZTYtOGY4OC0zNDM2M2JjN2M0YzAiOnsiY3JlYXRlIjo2MDAwMDAwMDAwMDAsImRlbGV0ZSI6NjAwMDAwMDAwMDAwLCJ1cGRhdGUiOjYwMDAwMDAwMDAwMH19"
        }
      ]
    },
    {
      "mode": "managed",
      "type": "prosimo_cloud_creds",
      "name": "aws",
      "provider": "provider[\"registry.terraform.io/prosimo-io/prosimo\"]",
      "instances": [
        {
          "schema_version": 0,
          "attributes": {
            "aws": [
              {
                "access_keys": [
                  {
                    "access_key_id": "AKIA2AV422R2IABB3EYR",
                    "secret_key_id": "************************************f0wV"
                  }
                ],
                "iam_role": [],
                "preferred_auth": "AWSKEY"
              }
            ],
            "azure": [],
            "cloud_type": "AWS",
            "gcp": [],
            "id": "adc7f86c-749f-4c04-9764-8ee09457a52b",
            "nickname": "Prosimo_AWS"
          },
          "sensitive_attributes": [],
          "private": "bnVsbA=="
        }
      ]
    },
    {
      "module": "module.aws__instances_eu[\"VPC1\"]",
      "mode": "managed",
      "type": "aws_vpc",
      "name": "vpc1",
      "provider": "provider[\"registry.terraform.io/hashicorp/aws\"].eu-west-2",
      "instances": [
        {
          "schema_version": 1,
          "attributes": {
            "arn": "arn:aws:ec2:eu-west-2:688664532084:vpc/vpc-0a47a35e5b694b211",
            "assign_generated_ipv6_cidr_block": false,
            "cidr_block": "10.2.0.0/16",
            "default_network_acl_id": "acl-0c845f1fd87c6ca99",
            "default_route_table_id": "rtb-01dbc1399e533bf87",
            "default_security_group_id": "sg-0819ddabe13e9e3cf",
            "dhcp_options_id": "dopt-47e09f2f",
            "enable_dns_hostnames": true,
            "enable_dns_support": true,
            "enable_network_address_usage_metrics": false,
            "id": "vpc-0a47a35e5b694b211",
            "instance_tenancy": "default",
            "ipv4_ipam_pool_id": null,
            "ipv4_netmask_length": null,
            "ipv6_association_id": "",
            "ipv6_cidr_block": "",
            "ipv6_cidr_block_network_border_group": "",
            "ipv6_ipam_pool_id": "",
            "ipv6_netmask_length": 0,
            "main_route_table_id": "rtb-01dbc1399e533bf87",
            "owner_id": "688664532084",
            "tags": {
              "Name": "WebProd1Eu"
            },
            "tags_all": {
              "Name": "WebProd1Eu"
            }
          },
          "sensitive_attributes": [],
          "private": "eyJzY2hlbWFfdmVyc2lvbiI6IjEifQ=="
        }
      ]
    },
    {
      "module": "module.aws__instances_eu[\"VPC2\"]",
      "mode": "managed",
      "type": "aws_vpc",
      "name": "vpc1",
      "provider": "provider[\"registry.terraform.io/hashicorp/aws\"].eu-west-2",
      "instances": [
        {
          "schema_version": 1,
          "attributes": {
            "arn": "arn:aws:ec2:eu-west-2:688664532084:vpc/vpc-00bc696e1f51d19d9",
            "assign_generated_ipv6_cidr_block": false,
            "cidr_block": "10.3.0.0/16",
            "default_network_acl_id": "acl-08b4011f640eee263",
            "default_route_table_id": "rtb-0de87eeeb0b3aa503",
            "default_security_group_id": "sg-0d15be633c0e7b3b2",
            "dhcp_options_id": "dopt-47e09f2f",
            "enable_dns_hostnames": true,
            "enable_dns_support": true,
            "enable_network_address_usage_metrics": false,
            "id": "vpc-00bc696e1f51d19d9",
            "instance_tenancy": "default",
            "ipv4_ipam_pool_id": null,
            "ipv4_netmask_length": null,
            "ipv6_association_id": "",
            "ipv6_cidr_block": "",
            "ipv6_cidr_block_network_border_group": "",
            "ipv6_ipam_pool_id": "",
            "ipv6_netmask_length": 0,
            "main_route_table_id": "rtb-0de87eeeb0b3aa503",
            "owner_id": "688664532084",
            "tags": {
              "Name": "WebProd2Eu"
            },
            "tags_all": {
              "Name": "WebProd2Eu"
            }
          },
          "sensitive_attributes": [],
          "private": "eyJzY2hlbWFfdmVyc2lvbiI6IjEifQ=="
        }
      ]
    },
    {
      "module": "module.aws__instances_eu[\"VPC3\"]",
      "mode": "managed",
      "type": "aws_vpc",
      "name": "vpc1",
      "provider": "provider[\"registry.terraform.io/hashicorp/aws\"].eu-west-2",
      "instances": [
        {
          "schema_version": 1,
          "attributes": {
            "arn": "arn:aws:ec2:eu-west-2:688664532084:vpc/vpc-0e9fff0d3d5ebdabb",
            "assign_generated_ipv6_cidr_block": false,
            "cidr_block": "10.11.0.0/16",
            "default_network_acl_id": "acl-04770431feb4b54f9",
            "default_route_table_id": "rtb-034a98b6feb1c0eb6",
            "default_security_group_id": "sg-0b1bcde2eff89adbb",
            "dhcp_options_id": "dopt-47e09f2f",
            "enable_dns_hostnames": true,
            "enable_dns_support": true,
            "enable_network_address_usage_metrics": false,
            "id": "vpc-0e9fff0d3d5ebdabb",
            "instance_tenancy": "default",
            "ipv4_ipam_pool_id": null,
            "ipv4_netmask_length": null,
            "ipv6_association_id": "",
            "ipv6_cidr_block": "",
            "ipv6_cidr_block_network_border_group": "",
            "ipv6_ipam_pool_id": "",
            "ipv6_netmask_length": 0,
            "main_route_table_id": "rtb-034a98b6feb1c0eb6",
            "owner_id": "688664532084",
            "tags": {
              "Name": "WebProd3Eu"
            },
            "tags_all": {
              "Name": "WebProd3Eu"
            }
          },
          "sensitive_attributes": [],
          "private": "eyJzY2hlbWFfdmVyc2lvbiI6IjEifQ=="
        }
      ]
    },
    {
      "module": "module.network_eu_vpc1",
      "mode": "managed",
      "type": "prosimo_network_onboarding",
      "name": "example_network",
      "provider": "provider[\"registry.terraform.io/prosimo-io/prosimo\"]",
      "instances": [
        {
          "schema_version": 0,
          "attributes": {
            "decommission_app": false,
            "deployed": false,
            "force_offboard": true,
            "id": "0fce313f-4574-4129-8dd2-05063b825772",
            "name": "WebProd1Eu",
            "namespace": "default",
            "network_exportable_policy": true,
            "onboard_app": false,
            "pam_cname": "a-owtv6l.network.proba.prosimoedge.io",
            "policies": [
              "ALLOW-ALL-NETWORKS"
            ],
            "private_cloud": [],
            "public_cloud": [
              {
                "cloud_creds_name": "Prosimo_AWS",
                "cloud_networks": [
                  {
                    "connectivity_type": "transit-gateway",
                    "connector_placement": "Infra VPC",
                    "connector_settings": [
                      {
                        "bandwidth": "",
                        "bandwidth_range": [
                          {
                            "max": 1,
                            "min": 1
                          }
                        ],
                        "connector_subnets": [],
                        "instance_type": ""
                      }
                    ],
                    "hub_id": "tgw-0d952710241b7dfc3",
                    "service_insertion_endpoint_subnets": "",
                    "subnets": [
                      {
                        "subnet": "10.2.0.0/16",
                        "virtual_subnet": "0"
                      }
                    ],
                    "vnet": "",
                    "vpc": "vpc-0a47a35e5b694b211"
                  }
                ],
                "cloud_type": "public",
                "connect_type": "connector",
                "connection_option": "private",
                "id": "",
                "region_name": "eu-west-2"
              }
            ],
            "status": "DEPLOYING",
            "timeouts": null,
            "wait_for_rollout": false
          },
          "sensitive_attributes": [],
          "private": "eyJlMmJmYjczMC1lY2FhLTExZTYtOGY4OC0zNDM2M2JjN2M0YzAiOnsiY3JlYXRlIjozNjAwMDAwMDAwMDAwLCJkZWxldGUiOjM2MDAwMDAwMDAwMDB9fQ==",
          "dependencies": [
            "aws_ec2_transit_gateway.dev",
            "module.aws__instances_eu.aws_vpc.vpc1"
          ]
        }
      ]
    }
  ],
  "check_results": null
}
